// !$*UTF8*$!
{
	archiveVersion = 1;
	classes = {
	};
	objectVersion = 46;
	objects = {

/* Begin PBXBuildFile section */
		0451CFE21622DCC7001B231B /* FBFriendsPickerModel.m in Sources */ = {isa = PBXBuildFile; fileRef = 0451CFE11622DCC7001B231B /* FBFriendsPickerModel.m */; };
		047538D9163580B100BCBF69 /* GameViewController.m in Sources */ = {isa = PBXBuildFile; fileRef = 047538D7163580B100BCBF69 /* GameViewController.m */; };
		047538DE163580DB00BCBF69 /* GameModel.m in Sources */ = {isa = PBXBuildFile; fileRef = 047538DD163580DB00BCBF69 /* GameModel.m */; };
		047538E01635812900BCBF69 /* GameViewController.xib in Resources */ = {isa = PBXBuildFile; fileRef = 047538DF1635812900BCBF69 /* GameViewController.xib */; };
		048441921625945400155E35 /* ListFriendsCell.m in Sources */ = {isa = PBXBuildFile; fileRef = 0484418D1625945300155E35 /* ListFriendsCell.m */; };
		048441931625945400155E35 /* LoginViewController.m in Sources */ = {isa = PBXBuildFile; fileRef = 0484418F1625945400155E35 /* LoginViewController.m */; };
		048441941625945400155E35 /* ViewController.m in Sources */ = {isa = PBXBuildFile; fileRef = 048441911625945400155E35 /* ViewController.m */; };
		048441971625947300155E35 /* ViewModel.m in Sources */ = {isa = PBXBuildFile; fileRef = 048441961625947300155E35 /* ViewModel.m */; };
		0484419C162594FC00155E35 /* GlobalUtility.m in Sources */ = {isa = PBXBuildFile; fileRef = 0484419B162594FC00155E35 /* GlobalUtility.m */; };
		048441A01625957900155E35 /* FBFriendsPickerViewController.xib in Resources */ = {isa = PBXBuildFile; fileRef = 0484419D1625957900155E35 /* FBFriendsPickerViewController.xib */; };
		048441A11625957900155E35 /* ListFriendsTableCell.xib in Resources */ = {isa = PBXBuildFile; fileRef = 0484419E1625957900155E35 /* ListFriendsTableCell.xib */; };
		048441A21625957900155E35 /* LoginViewController.xib in Resources */ = {isa = PBXBuildFile; fileRef = 0484419F1625957900155E35 /* LoginViewController.xib */; };
		048441A51625A34500155E35 /* FBFriendsPickerViewController.m in Sources */ = {isa = PBXBuildFile; fileRef = 048441A41625A34500155E35 /* FBFriendsPickerViewController.m */; };
		048441A91625ABA700155E35 /* droptwo-Info.plist in Resources */ = {isa = PBXBuildFile; fileRef = 048441A61625ABA700155E35 /* droptwo-Info.plist */; };
		048441AA1625ABA700155E35 /* main.m in Sources */ = {isa = PBXBuildFile; fileRef = 048441A81625ABA700155E35 /* main.m */; };
		04848529160894C400DE1528 /* UIKit.framework in Frameworks */ = {isa = PBXBuildFile; fileRef = 04848528160894C300DE1528 /* UIKit.framework */; };
		0484852B160894C400DE1528 /* Foundation.framework in Frameworks */ = {isa = PBXBuildFile; fileRef = 0484852A160894C400DE1528 /* Foundation.framework */; };
		0484852D160894C400DE1528 /* CoreGraphics.framework in Frameworks */ = {isa = PBXBuildFile; fileRef = 0484852C160894C400DE1528 /* CoreGraphics.framework */; };
		04848533160894C400DE1528 /* InfoPlist.strings in Resources */ = {isa = PBXBuildFile; fileRef = 04848531160894C400DE1528 /* InfoPlist.strings */; };
		04848539160894C400DE1528 /* AppDelegate.m in Sources */ = {isa = PBXBuildFile; fileRef = 04848538160894C400DE1528 /* AppDelegate.m */; };
		0484853F160894C400DE1528 /* ViewController.xib in Resources */ = {isa = PBXBuildFile; fileRef = 0484853D160894C400DE1528 /* ViewController.xib */; };
		04848546160894D900DE1528 /* FacebookSDK.framework in Frameworks */ = {isa = PBXBuildFile; fileRef = 04848545160894D900DE1528 /* FacebookSDK.framework */; };
		048485481608953800DE1528 /* FacebookSDKResources.bundle in Resources */ = {isa = PBXBuildFile; fileRef = 048485471608953800DE1528 /* FacebookSDKResources.bundle */; };
		0484854A1608955500DE1528 /* libsqlite3.0.dylib in Frameworks */ = {isa = PBXBuildFile; fileRef = 048485491608955500DE1528 /* libsqlite3.0.dylib */; };
		048E7D3C1642A46100803C60 /* back_arrow.png in Resources */ = {isa = PBXBuildFile; fileRef = 048E7D351642A46100803C60 /* back_arrow.png */; };
		048E7D3D1642A46100803C60 /* chat.png in Resources */ = {isa = PBXBuildFile; fileRef = 048E7D361642A46100803C60 /* chat.png */; };
		048E7D3E1642A46100803C60 /* Drop4.png in Resources */ = {isa = PBXBuildFile; fileRef = 048E7D371642A46100803C60 /* Drop4.png */; };
		048E7D3F1642A46100803C60 /* game_inner_circle.png in Resources */ = {isa = PBXBuildFile; fileRef = 048E7D381642A46100803C60 /* game_inner_circle.png */; };
		048E7D401642A46100803C60 /* player_container.png in Resources */ = {isa = PBXBuildFile; fileRef = 048E7D391642A46100803C60 /* player_container.png */; };
		048E7D411642A46100803C60 /* player1.png in Resources */ = {isa = PBXBuildFile; fileRef = 048E7D3A1642A46100803C60 /* player1.png */; };
		048E7D421642A46100803C60 /* player2.png in Resources */ = {isa = PBXBuildFile; fileRef = 048E7D3B1642A46100803C60 /* player2.png */; };
		049129EE163FD13F00211ADE /* blue_ball.png in Resources */ = {isa = PBXBuildFile; fileRef = 049129ED163FD13F00211ADE /* blue_ball.png */; };
		04B2A21D1624000D004CF030 /* GlobalSingleton.m in Sources */ = {isa = PBXBuildFile; fileRef = 04B2A21C1624000D004CF030 /* GlobalSingleton.m */; };
		04B7339616395871006CF5DD /* arrow-down.png in Resources */ = {isa = PBXBuildFile; fileRef = 04B7339516395871006CF5DD /* arrow-down.png */; };
		04B7339916396D3F006CF5DD /* yellow_board_top_shadow.png in Resources */ = {isa = PBXBuildFile; fileRef = 04B7339816396D3F006CF5DD /* yellow_board_top_shadow.png */; };
		04F95852162BE7F10033803A /* signout.png in Resources */ = {isa = PBXBuildFile; fileRef = 04F95845162BE7F10033803A /* signout.png */; };
		04F95861162BF64D0033803A /* 1.jpg in Resources */ = {isa = PBXBuildFile; fileRef = 04F95856162BF64D0033803A /* 1.jpg */; };
		04F95862162BF64D0033803A /* cell_inner_background.png in Resources */ = {isa = PBXBuildFile; fileRef = 04F95857162BF64D0033803A /* cell_inner_background.png */; };
		04F95863162BF64D0033803A /* cell_inner_line.png in Resources */ = {isa = PBXBuildFile; fileRef = 04F95858162BF64D0033803A /* cell_inner_line.png */; };
		04F95864162BF64D0033803A /* friends_list.png in Resources */ = {isa = PBXBuildFile; fileRef = 04F95859162BF64D0033803A /* friends_list.png */; };
		04F95865162BF64D0033803A /* friends_list1.png in Resources */ = {isa = PBXBuildFile; fileRef = 04F9585A162BF64D0033803A /* friends_list1.png */; };
		04F95866162BF64D0033803A /* game_invite.png in Resources */ = {isa = PBXBuildFile; fileRef = 04F9585B162BF64D0033803A /* game_invite.png */; };
		04F95867162BF64D0033803A /* home_logo.png in Resources */ = {isa = PBXBuildFile; fileRef = 04F9585C162BF64D0033803A /* home_logo.png */; };
		04F95868162BF64D0033803A /* plus_add_friend.png in Resources */ = {isa = PBXBuildFile; fileRef = 04F9585D162BF64D0033803A /* plus_add_friend.png */; };
		04F95869162BF64D0033803A /* start_game.png in Resources */ = {isa = PBXBuildFile; fileRef = 04F9585E162BF64D0033803A /* start_game.png */; };
		04F9586A162BF64D0033803A /* their_turn.png in Resources */ = {isa = PBXBuildFile; fileRef = 04F9585F162BF64D0033803A /* their_turn.png */; };
		04F9586D162BF7C70033803A /* your_turn.png in Resources */ = {isa = PBXBuildFile; fileRef = 04F9586C162BF7C70033803A /* your_turn.png */; };
		04F95876162C05560033803A /* background.png in Resources */ = {isa = PBXBuildFile; fileRef = 04F9586E162C05560033803A /* background.png */; };
		04F95877162C05560033803A /* cellInner_background.png in Resources */ = {isa = PBXBuildFile; fileRef = 04F9586F162C05560033803A /* cellInner_background.png */; };
		04F95878162C05560033803A /* cellInner_line.png in Resources */ = {isa = PBXBuildFile; fileRef = 04F95870162C05560033803A /* cellInner_line.png */; };
		04F95879162C05560033803A /* email_login.png in Resources */ = {isa = PBXBuildFile; fileRef = 04F95871162C05560033803A /* email_login.png */; };
		04F9587A162C05560033803A /* facebook_login.png in Resources */ = {isa = PBXBuildFile; fileRef = 04F95872162C05560033803A /* facebook_login.png */; };
		04F9587B162C05560033803A /* friends_list_without_pattern.png in Resources */ = {isa = PBXBuildFile; fileRef = 04F95873162C05560033803A /* friends_list_without_pattern.png */; };
		04F9587C162C05560033803A /* signout 2.png in Resources */ = {isa = PBXBuildFile; fileRef = 04F95874162C05560033803A /* signout 2.png */; };
		04F9587D162C05560033803A /* start_game 2.png in Resources */ = {isa = PBXBuildFile; fileRef = 04F95875162C05560033803A /* start_game 2.png */; };
/* End PBXBuildFile section */

/* Begin PBXFileReference section */
		0451CFE01622DCC7001B231B /* FBFriendsPickerModel.h */ = {isa = PBXFileReference; fileEncoding = 4; lastKnownFileType = sourcecode.c.h; path = FBFriendsPickerModel.h; sourceTree = "<group>"; };
		0451CFE11622DCC7001B231B /* FBFriendsPickerModel.m */ = {isa = PBXFileReference; fileEncoding = 4; lastKnownFileType = sourcecode.c.objc; path = FBFriendsPickerModel.m; sourceTree = "<group>"; };
		047538D6163580B100BCBF69 /* GameViewController.h */ = {isa = PBXFileReference; fileEncoding = 4; lastKnownFileType = sourcecode.c.h; path = GameViewController.h; sourceTree = "<group>"; };
		047538D7163580B100BCBF69 /* GameViewController.m */ = {isa = PBXFileReference; fileEncoding = 4; lastKnownFileType = sourcecode.c.objc; path = GameViewController.m; sourceTree = "<group>"; };
		047538DC163580DB00BCBF69 /* GameModel.h */ = {isa = PBXFileReference; fileEncoding = 4; lastKnownFileType = sourcecode.c.h; path = GameModel.h; sourceTree = "<group>"; };
		047538DD163580DB00BCBF69 /* GameModel.m */ = {isa = PBXFileReference; fileEncoding = 4; lastKnownFileType = sourcecode.c.objc; path = GameModel.m; sourceTree = "<group>"; };
		047538DF1635812900BCBF69 /* GameViewController.xib */ = {isa = PBXFileReference; fileEncoding = 4; lastKnownFileType = file.xib; path = GameViewController.xib; sourceTree = "<group>"; };
		0484418C1625945300155E35 /* ListFriendsCell.h */ = {isa = PBXFileReference; fileEncoding = 4; lastKnownFileType = sourcecode.c.h; path = ListFriendsCell.h; sourceTree = "<group>"; };
		0484418D1625945300155E35 /* ListFriendsCell.m */ = {isa = PBXFileReference; fileEncoding = 4; lastKnownFileType = sourcecode.c.objc; path = ListFriendsCell.m; sourceTree = "<group>"; };
		0484418E1625945300155E35 /* LoginViewController.h */ = {isa = PBXFileReference; fileEncoding = 4; lastKnownFileType = sourcecode.c.h; path = LoginViewController.h; sourceTree = "<group>"; };
		0484418F1625945400155E35 /* LoginViewController.m */ = {isa = PBXFileReference; fileEncoding = 4; lastKnownFileType = sourcecode.c.objc; path = LoginViewController.m; sourceTree = "<group>"; };
		048441901625945400155E35 /* ViewController.h */ = {isa = PBXFileReference; fileEncoding = 4; lastKnownFileType = sourcecode.c.h; path = ViewController.h; sourceTree = "<group>"; };
		048441911625945400155E35 /* ViewController.m */ = {isa = PBXFileReference; fileEncoding = 4; lastKnownFileType = sourcecode.c.objc; path = ViewController.m; sourceTree = "<group>"; };
		048441951625947300155E35 /* ViewModel.h */ = {isa = PBXFileReference; fileEncoding = 4; lastKnownFileType = sourcecode.c.h; path = ViewModel.h; sourceTree = "<group>"; };
		048441961625947300155E35 /* ViewModel.m */ = {isa = PBXFileReference; fileEncoding = 4; lastKnownFileType = sourcecode.c.objc; path = ViewModel.m; sourceTree = "<group>"; };
		0484419A162594FC00155E35 /* GlobalUtility.h */ = {isa = PBXFileReference; fileEncoding = 4; lastKnownFileType = sourcecode.c.h; path = GlobalUtility.h; sourceTree = "<group>"; };
		0484419B162594FC00155E35 /* GlobalUtility.m */ = {isa = PBXFileReference; fileEncoding = 4; lastKnownFileType = sourcecode.c.objc; path = GlobalUtility.m; sourceTree = "<group>"; };
		0484419D1625957900155E35 /* FBFriendsPickerViewController.xib */ = {isa = PBXFileReference; fileEncoding = 4; lastKnownFileType = file.xib; path = FBFriendsPickerViewController.xib; sourceTree = "<group>"; };
		0484419E1625957900155E35 /* ListFriendsTableCell.xib */ = {isa = PBXFileReference; fileEncoding = 4; lastKnownFileType = file.xib; path = ListFriendsTableCell.xib; sourceTree = "<group>"; };
		0484419F1625957900155E35 /* LoginViewController.xib */ = {isa = PBXFileReference; fileEncoding = 4; lastKnownFileType = file.xib; path = LoginViewController.xib; sourceTree = "<group>"; };
		048441A31625A34500155E35 /* FBFriendsPickerViewController.h */ = {isa = PBXFileReference; fileEncoding = 4; lastKnownFileType = sourcecode.c.h; path = FBFriendsPickerViewController.h; sourceTree = "<group>"; };
		048441A41625A34500155E35 /* FBFriendsPickerViewController.m */ = {isa = PBXFileReference; fileEncoding = 4; lastKnownFileType = sourcecode.c.objc; path = FBFriendsPickerViewController.m; sourceTree = "<group>"; };
		048441A61625ABA700155E35 /* droptwo-Info.plist */ = {isa = PBXFileReference; fileEncoding = 4; lastKnownFileType = text.plist.xml; name = "droptwo-Info.plist"; path = "Supporting Files/droptwo-Info.plist"; sourceTree = "<group>"; };
		048441A71625ABA700155E35 /* droptwo-Prefix.pch */ = {isa = PBXFileReference; fileEncoding = 4; lastKnownFileType = sourcecode.c.h; name = "droptwo-Prefix.pch"; path = "droptwo/Supporting Files/droptwo-Prefix.pch"; sourceTree = "<group>"; };
		048441A81625ABA700155E35 /* main.m */ = {isa = PBXFileReference; fileEncoding = 4; lastKnownFileType = sourcecode.c.objc; name = main.m; path = "droptwo/Supporting Files/main.m"; sourceTree = "<group>"; };
		04848524160894C300DE1528 /* droptwo.app */ = {isa = PBXFileReference; explicitFileType = wrapper.application; includeInIndex = 0; path = droptwo.app; sourceTree = BUILT_PRODUCTS_DIR; };
		04848528160894C300DE1528 /* UIKit.framework */ = {isa = PBXFileReference; lastKnownFileType = wrapper.framework; name = UIKit.framework; path = System/Library/Frameworks/UIKit.framework; sourceTree = SDKROOT; };
		0484852A160894C400DE1528 /* Foundation.framework */ = {isa = PBXFileReference; lastKnownFileType = wrapper.framework; name = Foundation.framework; path = System/Library/Frameworks/Foundation.framework; sourceTree = SDKROOT; };
		0484852C160894C400DE1528 /* CoreGraphics.framework */ = {isa = PBXFileReference; lastKnownFileType = wrapper.framework; name = CoreGraphics.framework; path = System/Library/Frameworks/CoreGraphics.framework; sourceTree = SDKROOT; };
		04848532160894C400DE1528 /* en */ = {isa = PBXFileReference; lastKnownFileType = text.plist.strings; name = en; path = en.lproj/InfoPlist.strings; sourceTree = "<group>"; };
		04848537160894C400DE1528 /* AppDelegate.h */ = {isa = PBXFileReference; lastKnownFileType = sourcecode.c.h; path = AppDelegate.h; sourceTree = "<group>"; };
		04848538160894C400DE1528 /* AppDelegate.m */ = {isa = PBXFileReference; lastKnownFileType = sourcecode.c.objc; path = AppDelegate.m; sourceTree = "<group>"; };
		0484853E160894C400DE1528 /* en */ = {isa = PBXFileReference; lastKnownFileType = file.xib; name = en; path = en.lproj/ViewController.xib; sourceTree = "<group>"; };
		04848545160894D900DE1528 /* FacebookSDK.framework */ = {isa = PBXFileReference; lastKnownFileType = wrapper.framework; path = FacebookSDK.framework; sourceTree = "<group>"; };
		048485471608953800DE1528 /* FacebookSDKResources.bundle */ = {isa = PBXFileReference; lastKnownFileType = "wrapper.plug-in"; path = FacebookSDKResources.bundle; sourceTree = "<group>"; };
		048485491608955500DE1528 /* libsqlite3.0.dylib */ = {isa = PBXFileReference; lastKnownFileType = "compiled.mach-o.dylib"; name = libsqlite3.0.dylib; path = usr/lib/libsqlite3.0.dylib; sourceTree = SDKROOT; };
		048E7D351642A46100803C60 /* back_arrow.png */ = {isa = PBXFileReference; lastKnownFileType = image.png; path = back_arrow.png; sourceTree = "<group>"; };
		048E7D361642A46100803C60 /* chat.png */ = {isa = PBXFileReference; lastKnownFileType = image.png; path = chat.png; sourceTree = "<group>"; };
		048E7D371642A46100803C60 /* Drop4.png */ = {isa = PBXFileReference; lastKnownFileType = image.png; path = Drop4.png; sourceTree = "<group>"; };
		048E7D381642A46100803C60 /* game_inner_circle.png */ = {isa = PBXFileReference; lastKnownFileType = image.png; path = game_inner_circle.png; sourceTree = "<group>"; };
		048E7D391642A46100803C60 /* player_container.png */ = {isa = PBXFileReference; lastKnownFileType = image.png; path = player_container.png; sourceTree = "<group>"; };
		048E7D3A1642A46100803C60 /* player1.png */ = {isa = PBXFileReference; lastKnownFileType = image.png; path = player1.png; sourceTree = "<group>"; };
		048E7D3B1642A46100803C60 /* player2.png */ = {isa = PBXFileReference; lastKnownFileType = image.png; path = player2.png; sourceTree = "<group>"; };
		049129ED163FD13F00211ADE /* blue_ball.png */ = {isa = PBXFileReference; lastKnownFileType = image.png; path = blue_ball.png; sourceTree = "<group>"; };
		04B2A21B1624000D004CF030 /* GlobalSingleton.h */ = {isa = PBXFileReference; fileEncoding = 4; lastKnownFileType = sourcecode.c.h; path = GlobalSingleton.h; sourceTree = "<group>"; };
		04B2A21C1624000D004CF030 /* GlobalSingleton.m */ = {isa = PBXFileReference; fileEncoding = 4; lastKnownFileType = sourcecode.c.objc; path = GlobalSingleton.m; sourceTree = "<group>"; };
		04B7339516395871006CF5DD /* arrow-down.png */ = {isa = PBXFileReference; lastKnownFileType = image.png; path = "arrow-down.png"; sourceTree = "<group>"; };
		04B7339816396D3F006CF5DD /* yellow_board_top_shadow.png */ = {isa = PBXFileReference; lastKnownFileType = image.png; path = yellow_board_top_shadow.png; sourceTree = "<group>"; };
		04F95845162BE7F10033803A /* signout.png */ = {isa = PBXFileReference; lastKnownFileType = image.png; path = signout.png; sourceTree = "<group>"; };
		04F95856162BF64D0033803A /* 1.jpg */ = {isa = PBXFileReference; lastKnownFileType = image.jpeg; path = 1.jpg; sourceTree = "<group>"; };
		04F95857162BF64D0033803A /* cell_inner_background.png */ = {isa = PBXFileReference; lastKnownFileType = image.png; path = cell_inner_background.png; sourceTree = "<group>"; };
		04F95858162BF64D0033803A /* cell_inner_line.png */ = {isa = PBXFileReference; lastKnownFileType = image.png; path = cell_inner_line.png; sourceTree = "<group>"; };
		04F95859162BF64D0033803A /* friends_list.png */ = {isa = PBXFileReference; lastKnownFileType = image.png; path = friends_list.png; sourceTree = "<group>"; };
		04F9585A162BF64D0033803A /* friends_list1.png */ = {isa = PBXFileReference; lastKnownFileType = image.png; path = friends_list1.png; sourceTree = "<group>"; };
		04F9585B162BF64D0033803A /* game_invite.png */ = {isa = PBXFileReference; lastKnownFileType = image.png; path = game_invite.png; sourceTree = "<group>"; };
		04F9585C162BF64D0033803A /* home_logo.png */ = {isa = PBXFileReference; lastKnownFileType = image.png; path = home_logo.png; sourceTree = "<group>"; };
		04F9585D162BF64D0033803A /* plus_add_friend.png */ = {isa = PBXFileReference; lastKnownFileType = image.png; path = plus_add_friend.png; sourceTree = "<group>"; };
		04F9585E162BF64D0033803A /* start_game.png */ = {isa = PBXFileReference; lastKnownFileType = image.png; path = start_game.png; sourceTree = "<group>"; };
		04F9585F162BF64D0033803A /* their_turn.png */ = {isa = PBXFileReference; lastKnownFileType = image.png; path = their_turn.png; sourceTree = "<group>"; };
		04F9586C162BF7C70033803A /* your_turn.png */ = {isa = PBXFileReference; lastKnownFileType = image.png; path = your_turn.png; sourceTree = "<group>"; };
		04F9586E162C05560033803A /* background.png */ = {isa = PBXFileReference; lastKnownFileType = image.png; path = background.png; sourceTree = "<group>"; };
		04F9586F162C05560033803A /* cellInner_background.png */ = {isa = PBXFileReference; lastKnownFileType = image.png; path = cellInner_background.png; sourceTree = "<group>"; };
		04F95870162C05560033803A /* cellInner_line.png */ = {isa = PBXFileReference; lastKnownFileType = image.png; path = cellInner_line.png; sourceTree = "<group>"; };
		04F95871162C05560033803A /* email_login.png */ = {isa = PBXFileReference; lastKnownFileType = image.png; path = email_login.png; sourceTree = "<group>"; };
		04F95872162C05560033803A /* facebook_login.png */ = {isa = PBXFileReference; lastKnownFileType = image.png; path = facebook_login.png; sourceTree = "<group>"; };
		04F95873162C05560033803A /* friends_list_without_pattern.png */ = {isa = PBXFileReference; lastKnownFileType = image.png; path = friends_list_without_pattern.png; sourceTree = "<group>"; };
		04F95874162C05560033803A /* signout 2.png */ = {isa = PBXFileReference; lastKnownFileType = image.png; path = "signout 2.png"; sourceTree = "<group>"; };
		04F95875162C05560033803A /* start_game 2.png */ = {isa = PBXFileReference; lastKnownFileType = image.png; path = "start_game 2.png"; sourceTree = "<group>"; };
/* End PBXFileReference section */

/* Begin PBXFrameworksBuildPhase section */
		04848521160894C300DE1528 /* Frameworks */ = {
			isa = PBXFrameworksBuildPhase;
			buildActionMask = 2147483647;
			files = (
				0484854A1608955500DE1528 /* libsqlite3.0.dylib in Frameworks */,
				04848529160894C400DE1528 /* UIKit.framework in Frameworks */,
				0484852B160894C400DE1528 /* Foundation.framework in Frameworks */,
				0484852D160894C400DE1528 /* CoreGraphics.framework in Frameworks */,
				04848546160894D900DE1528 /* FacebookSDK.framework in Frameworks */,
			);
			runOnlyForDeploymentPostprocessing = 0;
		};
/* End PBXFrameworksBuildPhase section */

/* Begin PBXGroup section */
		0412B3D2161180D7008B36D4 /* c */ = {
			isa = PBXGroup;
			children = (
				048441A31625A34500155E35 /* FBFriendsPickerViewController.h */,
				048441A41625A34500155E35 /* FBFriendsPickerViewController.m */,
				0484418C1625945300155E35 /* ListFriendsCell.h */,
				0484418D1625945300155E35 /* ListFriendsCell.m */,
				0484418E1625945300155E35 /* LoginViewController.h */,
				0484418F1625945400155E35 /* LoginViewController.m */,
				048441901625945400155E35 /* ViewController.h */,
				048441911625945400155E35 /* ViewController.m */,
				047538D6163580B100BCBF69 /* GameViewController.h */,
				047538D7163580B100BCBF69 /* GameViewController.m */,
			);
			path = c;
			sourceTree = "<group>";
		};
		0412B3D3161180D7008B36D4 /* m */ = {
			isa = PBXGroup;
			children = (
				048441951625947300155E35 /* ViewModel.h */,
				048441961625947300155E35 /* ViewModel.m */,
				0451CFE01622DCC7001B231B /* FBFriendsPickerModel.h */,
				0451CFE11622DCC7001B231B /* FBFriendsPickerModel.m */,
				047538DC163580DB00BCBF69 /* GameModel.h */,
				047538DD163580DB00BCBF69 /* GameModel.m */,
			);
			path = m;
			sourceTree = "<group>";
		};
		0412B3D4161180D7008B36D4 /* v */ = {
			isa = PBXGroup;
			children = (
				047538DF1635812900BCBF69 /* GameViewController.xib */,
				0484419D1625957900155E35 /* FBFriendsPickerViewController.xib */,
				0484419E1625957900155E35 /* ListFriendsTableCell.xib */,
				0484419F1625957900155E35 /* LoginViewController.xib */,
				0484853D160894C400DE1528 /* ViewController.xib */,
			);
			path = v;
			sourceTree = "<group>";
		};
		048441AB1625ABF800155E35 /* images */ = {
			isa = PBXGroup;
			children = (
				048E7D351642A46100803C60 /* back_arrow.png */,
				048E7D361642A46100803C60 /* chat.png */,
				048E7D371642A46100803C60 /* Drop4.png */,
				048E7D381642A46100803C60 /* game_inner_circle.png */,
				048E7D391642A46100803C60 /* player_container.png */,
				048E7D3A1642A46100803C60 /* player1.png */,
				048E7D3B1642A46100803C60 /* player2.png */,
				049129ED163FD13F00211ADE /* blue_ball.png */,
				04B7339816396D3F006CF5DD /* yellow_board_top_shadow.png */,
				04B7339516395871006CF5DD /* arrow-down.png */,
				04F9586E162C05560033803A /* background.png */,
				04F9586F162C05560033803A /* cellInner_background.png */,
				04F95870162C05560033803A /* cellInner_line.png */,
				04F95871162C05560033803A /* email_login.png */,
				04F95872162C05560033803A /* facebook_login.png */,
				04F95873162C05560033803A /* friends_list_without_pattern.png */,
				04F95874162C05560033803A /* signout 2.png */,
				04F95875162C05560033803A /* start_game 2.png */,
				04F9586C162BF7C70033803A /* your_turn.png */,
				04F95856162BF64D0033803A /* 1.jpg */,
				04F95857162BF64D0033803A /* cell_inner_background.png */,
				04F95858162BF64D0033803A /* cell_inner_line.png */,
				04F95859162BF64D0033803A /* friends_list.png */,
				04F9585A162BF64D0033803A /* friends_list1.png */,
				04F9585B162BF64D0033803A /* game_invite.png */,
				04F9585C162BF64D0033803A /* home_logo.png */,
				04F9585D162BF64D0033803A /* plus_add_friend.png */,
				04F9585E162BF64D0033803A /* start_game.png */,
				04F9585F162BF64D0033803A /* their_turn.png */,
				04F95845162BE7F10033803A /* signout.png */,
			);
			name = images;
			path = "Supporting Files/images";
			sourceTree = "<group>";
		};
		04848519160894C300DE1528 = {
			isa = PBXGroup;
			children = (
				048441A71625ABA700155E35 /* droptwo-Prefix.pch */,
				048441A81625ABA700155E35 /* main.m */,
				04848531160894C400DE1528 /* InfoPlist.strings */,
				0484852E160894C400DE1528 /* droptwo */,
				04848527160894C300DE1528 /* Frameworks */,
				04848525160894C300DE1528 /* Products */,
			);
			sourceTree = "<group>";
		};
		04848525160894C300DE1528 /* Products */ = {
			isa = PBXGroup;
			children = (
				04848524160894C300DE1528 /* droptwo.app */,
			);
			name = Products;
			sourceTree = "<group>";
		};
		04848527160894C300DE1528 /* Frameworks */ = {
			isa = PBXGroup;
			children = (
				048485491608955500DE1528 /* libsqlite3.0.dylib */,
				048485471608953800DE1528 /* FacebookSDKResources.bundle */,
				04848545160894D900DE1528 /* FacebookSDK.framework */,
				04848528160894C300DE1528 /* UIKit.framework */,
				0484852A160894C400DE1528 /* Foundation.framework */,
				0484852C160894C400DE1528 /* CoreGraphics.framework */,
			);
			name = Frameworks;
			sourceTree = "<group>";
		};
		0484852E160894C400DE1528 /* droptwo */ = {
			isa = PBXGroup;
			children = (
				0484419A162594FC00155E35 /* GlobalUtility.h */,
				0484419B162594FC00155E35 /* GlobalUtility.m */,
				04B2A21B1624000D004CF030 /* GlobalSingleton.h */,
				04B2A21C1624000D004CF030 /* GlobalSingleton.m */,
				04848537160894C400DE1528 /* AppDelegate.h */,
				04848538160894C400DE1528 /* AppDelegate.m */,
				0412B3D2161180D7008B36D4 /* c */,
				0412B3D3161180D7008B36D4 /* m */,
				0412B3D4161180D7008B36D4 /* v */,
				0484852F160894C400DE1528 /* Supporting Files */,
			);
			path = droptwo;
			sourceTree = "<group>";
		};
		0484852F160894C400DE1528 /* Supporting Files */ = {
			isa = PBXGroup;
			children = (
				048441A61625ABA700155E35 /* droptwo-Info.plist */,
				048441AB1625ABF800155E35 /* images */,
			);
			name = "Supporting Files";
			sourceTree = "<group>";
		};
/* End PBXGroup section */

/* Begin PBXNativeTarget section */
		04848523160894C300DE1528 /* droptwo */ = {
			isa = PBXNativeTarget;
			buildConfigurationList = 04848542160894C400DE1528 /* Build configuration list for PBXNativeTarget "droptwo" */;
			buildPhases = (
				04848520160894C300DE1528 /* Sources */,
				04848521160894C300DE1528 /* Frameworks */,
				04848522160894C300DE1528 /* Resources */,
			);
			buildRules = (
			);
			dependencies = (
			);
			name = droptwo;
			productName = droptwo;
			productReference = 04848524160894C300DE1528 /* droptwo.app */;
			productType = "com.apple.product-type.application";
		};
/* End PBXNativeTarget section */

/* Begin PBXProject section */
		0484851B160894C300DE1528 /* Project object */ = {
			isa = PBXProject;
			attributes = {
				LastUpgradeCheck = 0430;
			};
			buildConfigurationList = 0484851E160894C300DE1528 /* Build configuration list for PBXProject "droptwo" */;
			compatibilityVersion = "Xcode 3.2";
			developmentRegion = English;
			hasScannedForEncodings = 0;
			knownRegions = (
				en,
			);
			mainGroup = 04848519160894C300DE1528;
			productRefGroup = 04848525160894C300DE1528 /* Products */;
			projectDirPath = "";
			projectRoot = "";
			targets = (
				04848523160894C300DE1528 /* droptwo */,
			);
		};
/* End PBXProject section */

/* Begin PBXResourcesBuildPhase section */
		04848522160894C300DE1528 /* Resources */ = {
			isa = PBXResourcesBuildPhase;
			buildActionMask = 2147483647;
			files = (
				04848533160894C400DE1528 /* InfoPlist.strings in Resources */,
				0484853F160894C400DE1528 /* ViewController.xib in Resources */,
				048485481608953800DE1528 /* FacebookSDKResources.bundle in Resources */,
				048441A01625957900155E35 /* FBFriendsPickerViewController.xib in Resources */,
				048441A11625957900155E35 /* ListFriendsTableCell.xib in Resources */,
				048441A21625957900155E35 /* LoginViewController.xib in Resources */,
				048441A91625ABA700155E35 /* droptwo-Info.plist in Resources */,
				04F95852162BE7F10033803A /* signout.png in Resources */,
				04F95861162BF64D0033803A /* 1.jpg in Resources */,
				04F95862162BF64D0033803A /* cell_inner_background.png in Resources */,
				04F95863162BF64D0033803A /* cell_inner_line.png in Resources */,
				04F95864162BF64D0033803A /* friends_list.png in Resources */,
				04F95865162BF64D0033803A /* friends_list1.png in Resources */,
				04F95866162BF64D0033803A /* game_invite.png in Resources */,
				04F95867162BF64D0033803A /* home_logo.png in Resources */,
				04F95868162BF64D0033803A /* plus_add_friend.png in Resources */,
				04F95869162BF64D0033803A /* start_game.png in Resources */,
				04F9586A162BF64D0033803A /* their_turn.png in Resources */,
				04F9586D162BF7C70033803A /* your_turn.png in Resources */,
				04F95876162C05560033803A /* background.png in Resources */,
				04F95877162C05560033803A /* cellInner_background.png in Resources */,
				04F95878162C05560033803A /* cellInner_line.png in Resources */,
				04F95879162C05560033803A /* email_login.png in Resources */,
				04F9587A162C05560033803A /* facebook_login.png in Resources */,
				04F9587B162C05560033803A /* friends_list_without_pattern.png in Resources */,
				04F9587C162C05560033803A /* signout 2.png in Resources */,
				04F9587D162C05560033803A /* start_game 2.png in Resources */,
				047538E01635812900BCBF69 /* GameViewController.xib in Resources */,
				04B7339616395871006CF5DD /* arrow-down.png in Resources */,
				04B7339916396D3F006CF5DD /* yellow_board_top_shadow.png in Resources */,
				049129EE163FD13F00211ADE /* blue_ball.png in Resources */,
				048E7D3C1642A46100803C60 /* back_arrow.png in Resources */,
				048E7D3D1642A46100803C60 /* chat.png in Resources */,
				048E7D3E1642A46100803C60 /* Drop4.png in Resources */,
				048E7D3F1642A46100803C60 /* game_inner_circle.png in Resources */,
				048E7D401642A46100803C60 /* player_container.png in Resources */,
				048E7D411642A46100803C60 /* player1.png in Resources */,
				048E7D421642A46100803C60 /* player2.png in Resources */,
			);
			runOnlyForDeploymentPostprocessing = 0;
		};
/* End PBXResourcesBuildPhase section */

/* Begin PBXSourcesBuildPhase section */
		04848520160894C300DE1528 /* Sources */ = {
			isa = PBXSourcesBuildPhase;
			buildActionMask = 2147483647;
			files = (
				04848539160894C400DE1528 /* AppDelegate.m in Sources */,
				0451CFE21622DCC7001B231B /* FBFriendsPickerModel.m in Sources */,
				04B2A21D1624000D004CF030 /* GlobalSingleton.m in Sources */,
				048441921625945400155E35 /* ListFriendsCell.m in Sources */,
				048441931625945400155E35 /* LoginViewController.m in Sources */,
				048441941625945400155E35 /* ViewController.m in Sources */,
				048441971625947300155E35 /* ViewModel.m in Sources */,
				0484419C162594FC00155E35 /* GlobalUtility.m in Sources */,
				048441A51625A34500155E35 /* FBFriendsPickerViewController.m in Sources */,
				048441AA1625ABA700155E35 /* main.m in Sources */,
				047538D9163580B100BCBF69 /* GameViewController.m in Sources */,
				047538DE163580DB00BCBF69 /* GameModel.m in Sources */,
			);
			runOnlyForDeploymentPostprocessing = 0;
		};
/* End PBXSourcesBuildPhase section */

/* Begin PBXVariantGroup section */
		04848531160894C400DE1528 /* InfoPlist.strings */ = {
			isa = PBXVariantGroup;
			children = (
				04848532160894C400DE1528 /* en */,
			);
			name = InfoPlist.strings;
			path = droptwo;
			sourceTree = "<group>";
		};
		0484853D160894C400DE1528 /* ViewController.xib */ = {
			isa = PBXVariantGroup;
			children = (
				0484853E160894C400DE1528 /* en */,
			);
			name = ViewController.xib;
			path = ..;
			sourceTree = "<group>";
		};
/* End PBXVariantGroup section */

/* Begin XCBuildConfiguration section */
		04848540160894C400DE1528 /* Debug */ = {
			isa = XCBuildConfiguration;
			buildSettings = {
				ALWAYS_SEARCH_USER_PATHS = NO;
				ARCHS = "$(ARCHS_STANDARD_32_BIT)";
				CLANG_ENABLE_OBJC_ARC = YES;
				"CODE_SIGN_IDENTITY[sdk=iphoneos*]" = "iPhone Developer: Samir Roy (NXZ2DSQU9X)";
				COPY_PHASE_STRIP = NO;
				GCC_C_LANGUAGE_STANDARD = gnu99;
				GCC_DYNAMIC_NO_PIC = NO;
				GCC_OPTIMIZATION_LEVEL = 0;
				GCC_PREPROCESSOR_DEFINITIONS = (
					"DEBUG=1",
					"$(inherited)",
				);
				GCC_SYMBOLS_PRIVATE_EXTERN = NO;
				GCC_VERSION = com.apple.compilers.llvm.clang.1_0;
				GCC_WARN_ABOUT_RETURN_TYPE = YES;
				GCC_WARN_UNINITIALIZED_AUTOS = YES;
				GCC_WARN_UNUSED_VARIABLE = YES;
				IPHONEOS_DEPLOYMENT_TARGET = 5.1;
				"PROVISIONING_PROFILE[sdk=iphoneos*]" = "2F23E3D9-102E-4A08-A44B-3364686C87A4";
				SDKROOT = iphoneos;
			};
			name = Debug;
		};
		04848541160894C400DE1528 /* Release */ = {
			isa = XCBuildConfiguration;
			buildSettings = {
				ALWAYS_SEARCH_USER_PATHS = NO;
				ARCHS = "$(ARCHS_STANDARD_32_BIT)";
				CLANG_ENABLE_OBJC_ARC = YES;
				"CODE_SIGN_IDENTITY[sdk=iphoneos*]" = "iPhone Developer";
				COPY_PHASE_STRIP = YES;
				GCC_C_LANGUAGE_STANDARD = gnu99;
				GCC_VERSION = com.apple.compilers.llvm.clang.1_0;
				GCC_WARN_ABOUT_RETURN_TYPE = YES;
				GCC_WARN_UNINITIALIZED_AUTOS = YES;
				GCC_WARN_UNUSED_VARIABLE = YES;
				IPHONEOS_DEPLOYMENT_TARGET = 5.1;
				OTHER_CFLAGS = "-DNS_BLOCK_ASSERTIONS=1";
				SDKROOT = iphoneos;
				VALIDATE_PRODUCT = YES;
			};
			name = Release;
		};
		04848543160894C400DE1528 /* Debug */ = {
			isa = XCBuildConfiguration;
			buildSettings = {
				"CODE_SIGN_IDENTITY[sdk=iphoneos*]" = "iPhone Developer: Samir Roy (NXZ2DSQU9X)";
				FRAMEWORK_SEARCH_PATHS = (
					"$(inherited)",
					"\"$(SRCROOT)\"",
				);
				GCC_PRECOMPILE_PREFIX_HEADER = YES;
				GCC_PREFIX_HEADER = "droptwo/droptwo-Prefix.pch";
				INFOPLIST_FILE = "droptwo/droptwo-Info.plist";
				PRODUCT_NAME = "$(TARGET_NAME)";
				"PROVISIONING_PROFILE[sdk=iphoneos*]" = "2F23E3D9-102E-4A08-A44B-3364686C87A4";
				WRAPPER_EXTENSION = app;
			};
			name = Debug;
		};
		04848544160894C400DE1528 /* Release */ = {
			isa = XCBuildConfiguration;
			buildSettings = {
				FRAMEWORK_SEARCH_PATHS = (
					"$(inherited)",
					"\"$(SRCROOT)\"",
				);
				GCC_PRECOMPILE_PREFIX_HEADER = YES;
				GCC_PREFIX_HEADER = "droptwo/droptwo-Prefix.pch";
				INFOPLIST_FILE = "droptwo/droptwo-Info.plist";
				PRODUCT_NAME = "$(TARGET_NAME)";
				WRAPPER_EXTENSION = app;
			};
			name = Release;
		};
/* End XCBuildConfiguration section */

/* Begin XCConfigurationList section */
		0484851E160894C300DE1528 /* Build configuration list for PBXProject "droptwo" */ = {
			isa = XCConfigurationList;
			buildConfigurations = (
				04848540160894C400DE1528 /* Debug */,
				04848541160894C400DE1528 /* Release */,
			);
			defaultConfigurationIsVisible = 0;
			defaultConfigurationName = Release;
		};
		04848542160894C400DE1528 /* Build configuration list for PBXNativeTarget "droptwo" */ = {
			isa = XCConfigurationList;
			buildConfigurations = (
				04848543160894C400DE1528 /* Debug */,
				04848544160894C400DE1528 /* Release */,
			);
			defaultConfigurationIsVisible = 0;
			defaultConfigurationName = Release;
		};
/* End XCConfigurationList section */
	};
	rootObject = 0484851B160894C300DE1528 /* Project object */;
}
